
Microsoft Visual Studio Solution File, Format Version 12.00
# Visual Studio 2013
VisualStudioVersion = 12.0.40629.0
MinimumVisualStudioVersion = 10.0.40219.1
Project("{8BC9CEB8-8B4A-11D0-8D11-00A0C91BC942}") = "BackPropogation", "BackPropogation\BackPropogation.vcxproj", "{7B01A621-BBA9-4B2D-BB67-6A72438301B9}"
EndProject
Project("{FAE04EC0-301F-11D3-BF4B-00C04F79EFBC}") = "BackPropImage", "BackPropImage\BackPropImage.csproj", "{0DFAE751-2070-431B-BE87-1488EC651878}"
EndProject
Global
	GlobalSection(SolutionConfigurationPlatforms) = preSolution
		Debug|Any CPU = Debug|Any CPU
		Debug|Mixed Platforms = Debug|Mixed Platforms
		Debug|Win32 = Debug|Win32
		DebugBasedOnCuda|Any CPU = DebugBasedOnCuda|Any CPU
		DebugBasedOnCuda|Mixed Platforms = DebugBasedOnCuda|Mixed Platforms
		DebugBasedOnCuda|Win32 = DebugBasedOnCuda|Win32
		DebugWithDebug|Any CPU = DebugWithDebug|Any CPU
		DebugWithDebug|Mixed Platforms = DebugWithDebug|Mixed Platforms
		DebugWithDebug|Win32 = DebugWithDebug|Win32
		DebugWithDebugAndTest|Any CPU = DebugWithDebugAndTest|Any CPU
		DebugWithDebugAndTest|Mixed Platforms = DebugWithDebugAndTest|Mixed Platforms
		DebugWithDebugAndTest|Win32 = DebugWithDebugAndTest|Win32
		Release|Any CPU = Release|Any CPU
		Release|Mixed Platforms = Release|Mixed Platforms
		Release|Win32 = Release|Win32
		ReleaseWithCude|Any CPU = ReleaseWithCude|Any CPU
		ReleaseWithCude|Mixed Platforms = ReleaseWithCude|Mixed Platforms
		ReleaseWithCude|Win32 = ReleaseWithCude|Win32
		ReleaseWithCude2|Any CPU = ReleaseWithCude2|Any CPU
		ReleaseWithCude2|Mixed Platforms = ReleaseWithCude2|Mixed Platforms
		ReleaseWithCude2|Win32 = ReleaseWithCude2|Win32
	EndGlobalSection
	GlobalSection(ProjectConfigurationPlatforms) = postSolution
		{7B01A621-BBA9-4B2D-BB67-6A72438301B9}.Debug|Any CPU.ActiveCfg = Debug|Win32
		{7B01A621-BBA9-4B2D-BB67-6A72438301B9}.Debug|Mixed Platforms.ActiveCfg = Debug|Win32
		{7B01A621-BBA9-4B2D-BB67-6A72438301B9}.Debug|Mixed Platforms.Build.0 = Debug|Win32
		{7B01A621-BBA9-4B2D-BB67-6A72438301B9}.Debug|Win32.ActiveCfg = Debug|Win32
		{7B01A621-BBA9-4B2D-BB67-6A72438301B9}.Debug|Win32.Build.0 = Debug|Win32
		{7B01A621-BBA9-4B2D-BB67-6A72438301B9}.DebugBasedOnCuda|Any CPU.ActiveCfg = DebugBasedOnCuda|Win32
		{7B01A621-BBA9-4B2D-BB67-6A72438301B9}.DebugBasedOnCuda|Mixed Platforms.ActiveCfg = DebugBasedOnCuda|Win32
		{7B01A621-BBA9-4B2D-BB67-6A72438301B9}.DebugBasedOnCuda|Mixed Platforms.Build.0 = DebugBasedOnCuda|Win32
		{7B01A621-BBA9-4B2D-BB67-6A72438301B9}.DebugBasedOnCuda|Win32.ActiveCfg = DebugBasedOnCuda|Win32
		{7B01A621-BBA9-4B2D-BB67-6A72438301B9}.DebugBasedOnCuda|Win32.Build.0 = DebugBasedOnCuda|Win32
		{7B01A621-BBA9-4B2D-BB67-6A72438301B9}.DebugWithDebug|Any CPU.ActiveCfg = DebugWithDebug|Win32
		{7B01A621-BBA9-4B2D-BB67-6A72438301B9}.DebugWithDebug|Mixed Platforms.ActiveCfg = DebugWithDebug|Win32
		{7B01A621-BBA9-4B2D-BB67-6A72438301B9}.DebugWithDebug|Mixed Platforms.Build.0 = DebugWithDebug|Win32
		{7B01A621-BBA9-4B2D-BB67-6A72438301B9}.DebugWithDebug|Win32.ActiveCfg = DebugWithDebug|Win32
		{7B01A621-BBA9-4B2D-BB67-6A72438301B9}.DebugWithDebug|Win32.Build.0 = DebugWithDebug|Win32
		{7B01A621-BBA9-4B2D-BB67-6A72438301B9}.DebugWithDebugAndTest|Any CPU.ActiveCfg = DebugWithDebugAndTest|Win32
		{7B01A621-BBA9-4B2D-BB67-6A72438301B9}.DebugWithDebugAndTest|Mixed Platforms.ActiveCfg = DebugWithDebugAndTest|Win32
		{7B01A621-BBA9-4B2D-BB67-6A72438301B9}.DebugWithDebugAndTest|Mixed Platforms.Build.0 = DebugWithDebugAndTest|Win32
		{7B01A621-BBA9-4B2D-BB67-6A72438301B9}.DebugWithDebugAndTest|Win32.ActiveCfg = DebugWithDebugAndTest|Win32
		{7B01A621-BBA9-4B2D-BB67-6A72438301B9}.DebugWithDebugAndTest|Win32.Build.0 = DebugWithDebugAndTest|Win32
		{7B01A621-BBA9-4B2D-BB67-6A72438301B9}.Release|Any CPU.ActiveCfg = Release|Win32
		{7B01A621-BBA9-4B2D-BB67-6A72438301B9}.Release|Mixed Platforms.ActiveCfg = Release|Win32
		{7B01A621-BBA9-4B2D-BB67-6A72438301B9}.Release|Mixed Platforms.Build.0 = Release|Win32
		{7B01A621-BBA9-4B2D-BB67-6A72438301B9}.Release|Win32.ActiveCfg = Release|Win32
		{7B01A621-BBA9-4B2D-BB67-6A72438301B9}.Release|Win32.Build.0 = Release|Win32
		{7B01A621-BBA9-4B2D-BB67-6A72438301B9}.ReleaseWithCude|Any CPU.ActiveCfg = ReleaseWithCude|Win32
		{7B01A621-BBA9-4B2D-BB67-6A72438301B9}.ReleaseWithCude|Mixed Platforms.ActiveCfg = ReleaseWithCude|Win32
		{7B01A621-BBA9-4B2D-BB67-6A72438301B9}.ReleaseWithCude|Mixed Platforms.Build.0 = ReleaseWithCude|Win32
		{7B01A621-BBA9-4B2D-BB67-6A72438301B9}.ReleaseWithCude|Win32.ActiveCfg = ReleaseWithCude|Win32
		{7B01A621-BBA9-4B2D-BB67-6A72438301B9}.ReleaseWithCude|Win32.Build.0 = ReleaseWithCude|Win32
		{7B01A621-BBA9-4B2D-BB67-6A72438301B9}.ReleaseWithCude2|Any CPU.ActiveCfg = ReleaseWithCude2|Win32
		{7B01A621-BBA9-4B2D-BB67-6A72438301B9}.ReleaseWithCude2|Mixed Platforms.ActiveCfg = ReleaseWithCude2|Win32
		{7B01A621-BBA9-4B2D-BB67-6A72438301B9}.ReleaseWithCude2|Mixed Platforms.Build.0 = ReleaseWithCude2|Win32
		{7B01A621-BBA9-4B2D-BB67-6A72438301B9}.ReleaseWithCude2|Win32.ActiveCfg = ReleaseWithCude2|Win32
		{7B01A621-BBA9-4B2D-BB67-6A72438301B9}.ReleaseWithCude2|Win32.Build.0 = ReleaseWithCude2|Win32
		{0DFAE751-2070-431B-BE87-1488EC651878}.Debug|Any CPU.ActiveCfg = Debug|Any CPU
		{0DFAE751-2070-431B-BE87-1488EC651878}.Debug|Any CPU.Build.0 = Debug|Any CPU
		{0DFAE751-2070-431B-BE87-1488EC651878}.Debug|Mixed Platforms.ActiveCfg = Debug|Any CPU
		{0DFAE751-2070-431B-BE87-1488EC651878}.Debug|Mixed Platforms.Build.0 = Debug|Any CPU
		{0DFAE751-2070-431B-BE87-1488EC651878}.Debug|Win32.ActiveCfg = Debug|Any CPU
		{0DFAE751-2070-431B-BE87-1488EC651878}.DebugBasedOnCuda|Any CPU.ActiveCfg = Debug|Any CPU
		{0DFAE751-2070-431B-BE87-1488EC651878}.DebugBasedOnCuda|Any CPU.Build.0 = Debug|Any CPU
		{0DFAE751-2070-431B-BE87-1488EC651878}.DebugBasedOnCuda|Mixed Platforms.ActiveCfg = Debug|Any CPU
		{0DFAE751-2070-431B-BE87-1488EC651878}.DebugBasedOnCuda|Mixed Platforms.Build.0 = Debug|Any CPU
		{0DFAE751-2070-431B-BE87-1488EC651878}.DebugBasedOnCuda|Win32.ActiveCfg = Debug|Any CPU
		{0DFAE751-2070-431B-BE87-1488EC651878}.DebugWithDebug|Any CPU.ActiveCfg = Debug|Any CPU
		{0DFAE751-2070-431B-BE87-1488EC651878}.DebugWithDebug|Any CPU.Build.0 = Debug|Any CPU
		{0DFAE751-2070-431B-BE87-1488EC651878}.DebugWithDebug|Mixed Platforms.ActiveCfg = Debug|Any CPU
		{0DFAE751-2070-431B-BE87-1488EC651878}.DebugWithDebug|Mixed Platforms.Build.0 = Debug|Any CPU
		{0DFAE751-2070-431B-BE87-1488EC651878}.DebugWithDebug|Win32.ActiveCfg = Debug|Any CPU
		{0DFAE751-2070-431B-BE87-1488EC651878}.DebugWithDebugAndTest|Any CPU.ActiveCfg = Debug|Any CPU
		{0DFAE751-2070-431B-BE87-1488EC651878}.DebugWithDebugAndTest|Any CPU.Build.0 = Debug|Any CPU
		{0DFAE751-2070-431B-BE87-1488EC651878}.DebugWithDebugAndTest|Mixed Platforms.ActiveCfg = Debug|Any CPU
		{0DFAE751-2070-431B-BE87-1488EC651878}.DebugWithDebugAndTest|Mixed Platforms.Build.0 = Debug|Any CPU
		{0DFAE751-2070-431B-BE87-1488EC651878}.DebugWithDebugAndTest|Win32.ActiveCfg = Debug|Any CPU
		{0DFAE751-2070-431B-BE87-1488EC651878}.Release|Any CPU.ActiveCfg = Release|Any CPU
		{0DFAE751-2070-431B-BE87-1488EC651878}.Release|Any CPU.Build.0 = Release|Any CPU
		{0DFAE751-2070-431B-BE87-1488EC651878}.Release|Mixed Platforms.ActiveCfg = Release|Any CPU
		{0DFAE751-2070-431B-BE87-1488EC651878}.Release|Mixed Platforms.Build.0 = Release|Any CPU
		{0DFAE751-2070-431B-BE87-1488EC651878}.Release|Win32.ActiveCfg = Release|Any CPU
		{0DFAE751-2070-431B-BE87-1488EC651878}.ReleaseWithCude|Any CPU.ActiveCfg = Release|Any CPU
		{0DFAE751-2070-431B-BE87-1488EC651878}.ReleaseWithCude|Any CPU.Build.0 = Release|Any CPU
		{0DFAE751-2070-431B-BE87-1488EC651878}.ReleaseWithCude|Mixed Platforms.ActiveCfg = Release|Any CPU
		{0DFAE751-2070-431B-BE87-1488EC651878}.ReleaseWithCude|Mixed Platforms.Build.0 = Release|Any CPU
		{0DFAE751-2070-431B-BE87-1488EC651878}.ReleaseWithCude|Win32.ActiveCfg = Release|Any CPU
		{0DFAE751-2070-431B-BE87-1488EC651878}.ReleaseWithCude2|Any CPU.ActiveCfg = Release|Any CPU
		{0DFAE751-2070-431B-BE87-1488EC651878}.ReleaseWithCude2|Any CPU.Build.0 = Release|Any CPU
		{0DFAE751-2070-431B-BE87-1488EC651878}.ReleaseWithCude2|Mixed Platforms.ActiveCfg = Release|Any CPU
		{0DFAE751-2070-431B-BE87-1488EC651878}.ReleaseWithCude2|Mixed Platforms.Build.0 = Release|Any CPU
		{0DFAE751-2070-431B-BE87-1488EC651878}.ReleaseWithCude2|Win32.ActiveCfg = Release|Any CPU
	EndGlobalSection
	GlobalSection(SolutionProperties) = preSolution
		HideSolutionNode = FALSE
	EndGlobalSection
EndGlobal
