
Microsoft Visual Studio Solution File, Format Version 12.00
# Visual Studio 2013
VisualStudioVersion = 12.0.31101.0
MinimumVisualStudioVersion = 10.0.40219.1
Project("{8BC9CEB8-8B4A-11D0-8D11-00A0C91BC942}") = "BackPropogation", "BackPropogation\BackPropogation.vcxproj", "{7B01A621-BBA9-4B2D-BB67-6A72438301B9}"
EndProject
Project("{FAE04EC0-301F-11D3-BF4B-00C04F79EFBC}") = "VisualBackPropogation", "VisualBackPropogation\VisualBackPropogation.csproj", "{FFC9D069-065D-4CFB-B798-CF4512119F2D}"
EndProject
Project("{8BC9CEB8-8B4A-11D0-8D11-00A0C91BC942}") = "PipeDll", "PipeDll\PipeDll.vcxproj", "{A7CAA446-B170-4730-9B96-F60FE7E8B8C7}"
EndProject
Project("{8BC9CEB8-8B4A-11D0-8D11-00A0C91BC942}") = "BackPropogation_Update", "BackPropogation_Update\BackPropogation_Update.vcxproj", "{03597D3B-F449-4C21-B67E-811A360FB907}"
EndProject
Project("{8BC9CEB8-8B4A-11D0-8D11-00A0C91BC942}") = "BackPropogation_Update_2", "BackPropogation_Update_2\BackPropogation_Update_2.vcxproj", "{1E98D714-1EB2-4F5B-A2AD-30AF0E94EACC}"
EndProject
Global
	GlobalSection(SolutionConfigurationPlatforms) = preSolution
		Debug|Any CPU = Debug|Any CPU
		Debug|ARM = Debug|ARM
		Debug|Mixed Platforms = Debug|Mixed Platforms
		Debug|Win32 = Debug|Win32
		Debug|x64 = Debug|x64
		DebugBasedOnCuda|Any CPU = DebugBasedOnCuda|Any CPU
		DebugBasedOnCuda|ARM = DebugBasedOnCuda|ARM
		DebugBasedOnCuda|Mixed Platforms = DebugBasedOnCuda|Mixed Platforms
		DebugBasedOnCuda|Win32 = DebugBasedOnCuda|Win32
		DebugBasedOnCuda|x64 = DebugBasedOnCuda|x64
		DebugWithDebug|Any CPU = DebugWithDebug|Any CPU
		DebugWithDebug|ARM = DebugWithDebug|ARM
		DebugWithDebug|Mixed Platforms = DebugWithDebug|Mixed Platforms
		DebugWithDebug|Win32 = DebugWithDebug|Win32
		DebugWithDebug|x64 = DebugWithDebug|x64
		DebugWithDebugAndTest|Any CPU = DebugWithDebugAndTest|Any CPU
		DebugWithDebugAndTest|ARM = DebugWithDebugAndTest|ARM
		DebugWithDebugAndTest|Mixed Platforms = DebugWithDebugAndTest|Mixed Platforms
		DebugWithDebugAndTest|Win32 = DebugWithDebugAndTest|Win32
		DebugWithDebugAndTest|x64 = DebugWithDebugAndTest|x64
		Release|Any CPU = Release|Any CPU
		Release|ARM = Release|ARM
		Release|Mixed Platforms = Release|Mixed Platforms
		Release|Win32 = Release|Win32
		Release|x64 = Release|x64
		ReleaseWithCude|Any CPU = ReleaseWithCude|Any CPU
		ReleaseWithCude|ARM = ReleaseWithCude|ARM
		ReleaseWithCude|Mixed Platforms = ReleaseWithCude|Mixed Platforms
		ReleaseWithCude|Win32 = ReleaseWithCude|Win32
		ReleaseWithCude|x64 = ReleaseWithCude|x64
		ReleaseWithCude2|Any CPU = ReleaseWithCude2|Any CPU
		ReleaseWithCude2|ARM = ReleaseWithCude2|ARM
		ReleaseWithCude2|Mixed Platforms = ReleaseWithCude2|Mixed Platforms
		ReleaseWithCude2|Win32 = ReleaseWithCude2|Win32
		ReleaseWithCude2|x64 = ReleaseWithCude2|x64
	EndGlobalSection
	GlobalSection(ProjectConfigurationPlatforms) = postSolution
		{7B01A621-BBA9-4B2D-BB67-6A72438301B9}.Debug|Any CPU.ActiveCfg = Debug|Win32
		{7B01A621-BBA9-4B2D-BB67-6A72438301B9}.Debug|ARM.ActiveCfg = Debug|Win32
		{7B01A621-BBA9-4B2D-BB67-6A72438301B9}.Debug|Mixed Platforms.ActiveCfg = Debug|Win32
		{7B01A621-BBA9-4B2D-BB67-6A72438301B9}.Debug|Mixed Platforms.Build.0 = Debug|Win32
		{7B01A621-BBA9-4B2D-BB67-6A72438301B9}.Debug|Win32.ActiveCfg = Debug|Win32
		{7B01A621-BBA9-4B2D-BB67-6A72438301B9}.Debug|Win32.Build.0 = Debug|Win32
		{7B01A621-BBA9-4B2D-BB67-6A72438301B9}.Debug|x64.ActiveCfg = Debug|Win32
		{7B01A621-BBA9-4B2D-BB67-6A72438301B9}.DebugBasedOnCuda|Any CPU.ActiveCfg = DebugBasedOnCuda|Win32
		{7B01A621-BBA9-4B2D-BB67-6A72438301B9}.DebugBasedOnCuda|ARM.ActiveCfg = DebugBasedOnCuda|Win32
		{7B01A621-BBA9-4B2D-BB67-6A72438301B9}.DebugBasedOnCuda|Mixed Platforms.ActiveCfg = DebugBasedOnCuda|Win32
		{7B01A621-BBA9-4B2D-BB67-6A72438301B9}.DebugBasedOnCuda|Mixed Platforms.Build.0 = DebugBasedOnCuda|Win32
		{7B01A621-BBA9-4B2D-BB67-6A72438301B9}.DebugBasedOnCuda|Win32.ActiveCfg = DebugBasedOnCuda|Win32
		{7B01A621-BBA9-4B2D-BB67-6A72438301B9}.DebugBasedOnCuda|Win32.Build.0 = DebugBasedOnCuda|Win32
		{7B01A621-BBA9-4B2D-BB67-6A72438301B9}.DebugBasedOnCuda|x64.ActiveCfg = DebugBasedOnCuda|Win32
		{7B01A621-BBA9-4B2D-BB67-6A72438301B9}.DebugWithDebug|Any CPU.ActiveCfg = DebugWithDebug|Win32
		{7B01A621-BBA9-4B2D-BB67-6A72438301B9}.DebugWithDebug|ARM.ActiveCfg = DebugWithDebug|Win32
		{7B01A621-BBA9-4B2D-BB67-6A72438301B9}.DebugWithDebug|Mixed Platforms.ActiveCfg = DebugWithDebug|Win32
		{7B01A621-BBA9-4B2D-BB67-6A72438301B9}.DebugWithDebug|Mixed Platforms.Build.0 = DebugWithDebug|Win32
		{7B01A621-BBA9-4B2D-BB67-6A72438301B9}.DebugWithDebug|Win32.ActiveCfg = DebugWithDebug|Win32
		{7B01A621-BBA9-4B2D-BB67-6A72438301B9}.DebugWithDebug|Win32.Build.0 = DebugWithDebug|Win32
		{7B01A621-BBA9-4B2D-BB67-6A72438301B9}.DebugWithDebug|x64.ActiveCfg = DebugWithDebug|Win32
		{7B01A621-BBA9-4B2D-BB67-6A72438301B9}.DebugWithDebugAndTest|Any CPU.ActiveCfg = DebugWithDebugAndTest|Win32
		{7B01A621-BBA9-4B2D-BB67-6A72438301B9}.DebugWithDebugAndTest|ARM.ActiveCfg = DebugWithDebugAndTest|Win32
		{7B01A621-BBA9-4B2D-BB67-6A72438301B9}.DebugWithDebugAndTest|Mixed Platforms.ActiveCfg = DebugWithDebugAndTest|Win32
		{7B01A621-BBA9-4B2D-BB67-6A72438301B9}.DebugWithDebugAndTest|Mixed Platforms.Build.0 = DebugWithDebugAndTest|Win32
		{7B01A621-BBA9-4B2D-BB67-6A72438301B9}.DebugWithDebugAndTest|Win32.ActiveCfg = DebugWithDebugAndTest|Win32
		{7B01A621-BBA9-4B2D-BB67-6A72438301B9}.DebugWithDebugAndTest|Win32.Build.0 = DebugWithDebugAndTest|Win32
		{7B01A621-BBA9-4B2D-BB67-6A72438301B9}.DebugWithDebugAndTest|x64.ActiveCfg = DebugWithDebugAndTest|Win32
		{7B01A621-BBA9-4B2D-BB67-6A72438301B9}.Release|Any CPU.ActiveCfg = Release|Win32
		{7B01A621-BBA9-4B2D-BB67-6A72438301B9}.Release|ARM.ActiveCfg = Release|Win32
		{7B01A621-BBA9-4B2D-BB67-6A72438301B9}.Release|Mixed Platforms.ActiveCfg = Release|Win32
		{7B01A621-BBA9-4B2D-BB67-6A72438301B9}.Release|Mixed Platforms.Build.0 = Release|Win32
		{7B01A621-BBA9-4B2D-BB67-6A72438301B9}.Release|Win32.ActiveCfg = Release|Win32
		{7B01A621-BBA9-4B2D-BB67-6A72438301B9}.Release|Win32.Build.0 = Release|Win32
		{7B01A621-BBA9-4B2D-BB67-6A72438301B9}.Release|x64.ActiveCfg = Release|Win32
		{7B01A621-BBA9-4B2D-BB67-6A72438301B9}.ReleaseWithCude|Any CPU.ActiveCfg = ReleaseWithCude|Win32
		{7B01A621-BBA9-4B2D-BB67-6A72438301B9}.ReleaseWithCude|ARM.ActiveCfg = ReleaseWithCude|Win32
		{7B01A621-BBA9-4B2D-BB67-6A72438301B9}.ReleaseWithCude|Mixed Platforms.ActiveCfg = ReleaseWithCude|Win32
		{7B01A621-BBA9-4B2D-BB67-6A72438301B9}.ReleaseWithCude|Mixed Platforms.Build.0 = ReleaseWithCude|Win32
		{7B01A621-BBA9-4B2D-BB67-6A72438301B9}.ReleaseWithCude|Win32.ActiveCfg = ReleaseWithCude|Win32
		{7B01A621-BBA9-4B2D-BB67-6A72438301B9}.ReleaseWithCude|Win32.Build.0 = ReleaseWithCude|Win32
		{7B01A621-BBA9-4B2D-BB67-6A72438301B9}.ReleaseWithCude|x64.ActiveCfg = ReleaseWithCude|Win32
		{7B01A621-BBA9-4B2D-BB67-6A72438301B9}.ReleaseWithCude2|Any CPU.ActiveCfg = ReleaseWithCude2|Win32
		{7B01A621-BBA9-4B2D-BB67-6A72438301B9}.ReleaseWithCude2|ARM.ActiveCfg = ReleaseWithCude2|Win32
		{7B01A621-BBA9-4B2D-BB67-6A72438301B9}.ReleaseWithCude2|Mixed Platforms.ActiveCfg = ReleaseWithCude2|Win32
		{7B01A621-BBA9-4B2D-BB67-6A72438301B9}.ReleaseWithCude2|Mixed Platforms.Build.0 = ReleaseWithCude2|Win32
		{7B01A621-BBA9-4B2D-BB67-6A72438301B9}.ReleaseWithCude2|Win32.ActiveCfg = ReleaseWithCude2|Win32
		{7B01A621-BBA9-4B2D-BB67-6A72438301B9}.ReleaseWithCude2|Win32.Build.0 = ReleaseWithCude2|Win32
		{7B01A621-BBA9-4B2D-BB67-6A72438301B9}.ReleaseWithCude2|x64.ActiveCfg = ReleaseWithCude2|Win32
		{FFC9D069-065D-4CFB-B798-CF4512119F2D}.Debug|Any CPU.ActiveCfg = Debug|Any CPU
		{FFC9D069-065D-4CFB-B798-CF4512119F2D}.Debug|Any CPU.Build.0 = Debug|Any CPU
		{FFC9D069-065D-4CFB-B798-CF4512119F2D}.Debug|ARM.ActiveCfg = Debug|Any CPU
		{FFC9D069-065D-4CFB-B798-CF4512119F2D}.Debug|Mixed Platforms.ActiveCfg = Debug|Any CPU
		{FFC9D069-065D-4CFB-B798-CF4512119F2D}.Debug|Mixed Platforms.Build.0 = Debug|Any CPU
		{FFC9D069-065D-4CFB-B798-CF4512119F2D}.Debug|Win32.ActiveCfg = Debug|Any CPU
		{FFC9D069-065D-4CFB-B798-CF4512119F2D}.Debug|x64.ActiveCfg = Debug|Any CPU
		{FFC9D069-065D-4CFB-B798-CF4512119F2D}.DebugBasedOnCuda|Any CPU.ActiveCfg = Debug|Any CPU
		{FFC9D069-065D-4CFB-B798-CF4512119F2D}.DebugBasedOnCuda|Any CPU.Build.0 = Debug|Any CPU
		{FFC9D069-065D-4CFB-B798-CF4512119F2D}.DebugBasedOnCuda|ARM.ActiveCfg = Debug|Any CPU
		{FFC9D069-065D-4CFB-B798-CF4512119F2D}.DebugBasedOnCuda|Mixed Platforms.ActiveCfg = Debug|Any CPU
		{FFC9D069-065D-4CFB-B798-CF4512119F2D}.DebugBasedOnCuda|Mixed Platforms.Build.0 = Debug|Any CPU
		{FFC9D069-065D-4CFB-B798-CF4512119F2D}.DebugBasedOnCuda|Win32.ActiveCfg = Debug|Any CPU
		{FFC9D069-065D-4CFB-B798-CF4512119F2D}.DebugBasedOnCuda|x64.ActiveCfg = Debug|Any CPU
		{FFC9D069-065D-4CFB-B798-CF4512119F2D}.DebugWithDebug|Any CPU.ActiveCfg = Debug|Any CPU
		{FFC9D069-065D-4CFB-B798-CF4512119F2D}.DebugWithDebug|Any CPU.Build.0 = Debug|Any CPU
		{FFC9D069-065D-4CFB-B798-CF4512119F2D}.DebugWithDebug|ARM.ActiveCfg = Debug|Any CPU
		{FFC9D069-065D-4CFB-B798-CF4512119F2D}.DebugWithDebug|Mixed Platforms.ActiveCfg = Debug|Any CPU
		{FFC9D069-065D-4CFB-B798-CF4512119F2D}.DebugWithDebug|Mixed Platforms.Build.0 = Debug|Any CPU
		{FFC9D069-065D-4CFB-B798-CF4512119F2D}.DebugWithDebug|Win32.ActiveCfg = Debug|Any CPU
		{FFC9D069-065D-4CFB-B798-CF4512119F2D}.DebugWithDebug|x64.ActiveCfg = Debug|Any CPU
		{FFC9D069-065D-4CFB-B798-CF4512119F2D}.DebugWithDebugAndTest|Any CPU.ActiveCfg = Debug|Any CPU
		{FFC9D069-065D-4CFB-B798-CF4512119F2D}.DebugWithDebugAndTest|Any CPU.Build.0 = Debug|Any CPU
		{FFC9D069-065D-4CFB-B798-CF4512119F2D}.DebugWithDebugAndTest|ARM.ActiveCfg = Debug|Any CPU
		{FFC9D069-065D-4CFB-B798-CF4512119F2D}.DebugWithDebugAndTest|Mixed Platforms.ActiveCfg = Debug|Any CPU
		{FFC9D069-065D-4CFB-B798-CF4512119F2D}.DebugWithDebugAndTest|Mixed Platforms.Build.0 = Debug|Any CPU
		{FFC9D069-065D-4CFB-B798-CF4512119F2D}.DebugWithDebugAndTest|Win32.ActiveCfg = Debug|Any CPU
		{FFC9D069-065D-4CFB-B798-CF4512119F2D}.DebugWithDebugAndTest|x64.ActiveCfg = Debug|Any CPU
		{FFC9D069-065D-4CFB-B798-CF4512119F2D}.Release|Any CPU.ActiveCfg = Release|Any CPU
		{FFC9D069-065D-4CFB-B798-CF4512119F2D}.Release|Any CPU.Build.0 = Release|Any CPU
		{FFC9D069-065D-4CFB-B798-CF4512119F2D}.Release|ARM.ActiveCfg = Release|Any CPU
		{FFC9D069-065D-4CFB-B798-CF4512119F2D}.Release|Mixed Platforms.ActiveCfg = Release|Any CPU
		{FFC9D069-065D-4CFB-B798-CF4512119F2D}.Release|Mixed Platforms.Build.0 = Release|Any CPU
		{FFC9D069-065D-4CFB-B798-CF4512119F2D}.Release|Win32.ActiveCfg = Release|Any CPU
		{FFC9D069-065D-4CFB-B798-CF4512119F2D}.Release|x64.ActiveCfg = Release|Any CPU
		{FFC9D069-065D-4CFB-B798-CF4512119F2D}.ReleaseWithCude|Any CPU.ActiveCfg = Release|Any CPU
		{FFC9D069-065D-4CFB-B798-CF4512119F2D}.ReleaseWithCude|Any CPU.Build.0 = Release|Any CPU
		{FFC9D069-065D-4CFB-B798-CF4512119F2D}.ReleaseWithCude|ARM.ActiveCfg = Release|Any CPU
		{FFC9D069-065D-4CFB-B798-CF4512119F2D}.ReleaseWithCude|Mixed Platforms.ActiveCfg = Release|Any CPU
		{FFC9D069-065D-4CFB-B798-CF4512119F2D}.ReleaseWithCude|Mixed Platforms.Build.0 = Release|Any CPU
		{FFC9D069-065D-4CFB-B798-CF4512119F2D}.ReleaseWithCude|Win32.ActiveCfg = Release|Any CPU
		{FFC9D069-065D-4CFB-B798-CF4512119F2D}.ReleaseWithCude|x64.ActiveCfg = Release|Any CPU
		{FFC9D069-065D-4CFB-B798-CF4512119F2D}.ReleaseWithCude2|Any CPU.ActiveCfg = Release|Any CPU
		{FFC9D069-065D-4CFB-B798-CF4512119F2D}.ReleaseWithCude2|Any CPU.Build.0 = Release|Any CPU
		{FFC9D069-065D-4CFB-B798-CF4512119F2D}.ReleaseWithCude2|ARM.ActiveCfg = Release|Any CPU
		{FFC9D069-065D-4CFB-B798-CF4512119F2D}.ReleaseWithCude2|Mixed Platforms.ActiveCfg = Release|Any CPU
		{FFC9D069-065D-4CFB-B798-CF4512119F2D}.ReleaseWithCude2|Mixed Platforms.Build.0 = Release|Any CPU
		{FFC9D069-065D-4CFB-B798-CF4512119F2D}.ReleaseWithCude2|Win32.ActiveCfg = Release|Any CPU
		{FFC9D069-065D-4CFB-B798-CF4512119F2D}.ReleaseWithCude2|x64.ActiveCfg = Release|Any CPU
		{A7CAA446-B170-4730-9B96-F60FE7E8B8C7}.Debug|Any CPU.ActiveCfg = Debug|Win32
		{A7CAA446-B170-4730-9B96-F60FE7E8B8C7}.Debug|ARM.ActiveCfg = Debug|Win32
		{A7CAA446-B170-4730-9B96-F60FE7E8B8C7}.Debug|Mixed Platforms.ActiveCfg = Debug|Win32
		{A7CAA446-B170-4730-9B96-F60FE7E8B8C7}.Debug|Mixed Platforms.Build.0 = Debug|Win32
		{A7CAA446-B170-4730-9B96-F60FE7E8B8C7}.Debug|Win32.ActiveCfg = Debug|Win32
		{A7CAA446-B170-4730-9B96-F60FE7E8B8C7}.Debug|Win32.Build.0 = Debug|Win32
		{A7CAA446-B170-4730-9B96-F60FE7E8B8C7}.Debug|x64.ActiveCfg = Debug|Win32
		{A7CAA446-B170-4730-9B96-F60FE7E8B8C7}.DebugBasedOnCuda|Any CPU.ActiveCfg = Debug|Win32
		{A7CAA446-B170-4730-9B96-F60FE7E8B8C7}.DebugBasedOnCuda|ARM.ActiveCfg = Debug|Win32
		{A7CAA446-B170-4730-9B96-F60FE7E8B8C7}.DebugBasedOnCuda|Mixed Platforms.ActiveCfg = Debug|Win32
		{A7CAA446-B170-4730-9B96-F60FE7E8B8C7}.DebugBasedOnCuda|Mixed Platforms.Build.0 = Debug|Win32
		{A7CAA446-B170-4730-9B96-F60FE7E8B8C7}.DebugBasedOnCuda|Win32.ActiveCfg = Debug|Win32
		{A7CAA446-B170-4730-9B96-F60FE7E8B8C7}.DebugBasedOnCuda|Win32.Build.0 = Debug|Win32
		{A7CAA446-B170-4730-9B96-F60FE7E8B8C7}.DebugBasedOnCuda|x64.ActiveCfg = Debug|Win32
		{A7CAA446-B170-4730-9B96-F60FE7E8B8C7}.DebugWithDebug|Any CPU.ActiveCfg = Debug|Win32
		{A7CAA446-B170-4730-9B96-F60FE7E8B8C7}.DebugWithDebug|ARM.ActiveCfg = Debug|Win32
		{A7CAA446-B170-4730-9B96-F60FE7E8B8C7}.DebugWithDebug|Mixed Platforms.ActiveCfg = Debug|Win32
		{A7CAA446-B170-4730-9B96-F60FE7E8B8C7}.DebugWithDebug|Mixed Platforms.Build.0 = Debug|Win32
		{A7CAA446-B170-4730-9B96-F60FE7E8B8C7}.DebugWithDebug|Win32.ActiveCfg = Debug|Win32
		{A7CAA446-B170-4730-9B96-F60FE7E8B8C7}.DebugWithDebug|Win32.Build.0 = Debug|Win32
		{A7CAA446-B170-4730-9B96-F60FE7E8B8C7}.DebugWithDebug|x64.ActiveCfg = Debug|Win32
		{A7CAA446-B170-4730-9B96-F60FE7E8B8C7}.DebugWithDebugAndTest|Any CPU.ActiveCfg = Debug|Win32
		{A7CAA446-B170-4730-9B96-F60FE7E8B8C7}.DebugWithDebugAndTest|ARM.ActiveCfg = Debug|Win32
		{A7CAA446-B170-4730-9B96-F60FE7E8B8C7}.DebugWithDebugAndTest|Mixed Platforms.ActiveCfg = Debug|Win32
		{A7CAA446-B170-4730-9B96-F60FE7E8B8C7}.DebugWithDebugAndTest|Mixed Platforms.Build.0 = Debug|Win32
		{A7CAA446-B170-4730-9B96-F60FE7E8B8C7}.DebugWithDebugAndTest|Win32.ActiveCfg = Debug|Win32
		{A7CAA446-B170-4730-9B96-F60FE7E8B8C7}.DebugWithDebugAndTest|Win32.Build.0 = Debug|Win32
		{A7CAA446-B170-4730-9B96-F60FE7E8B8C7}.DebugWithDebugAndTest|x64.ActiveCfg = Debug|Win32
		{A7CAA446-B170-4730-9B96-F60FE7E8B8C7}.Release|Any CPU.ActiveCfg = Release|Win32
		{A7CAA446-B170-4730-9B96-F60FE7E8B8C7}.Release|ARM.ActiveCfg = Release|Win32
		{A7CAA446-B170-4730-9B96-F60FE7E8B8C7}.Release|Mixed Platforms.ActiveCfg = Release|Win32
		{A7CAA446-B170-4730-9B96-F60FE7E8B8C7}.Release|Mixed Platforms.Build.0 = Release|Win32
		{A7CAA446-B170-4730-9B96-F60FE7E8B8C7}.Release|Win32.ActiveCfg = Release|Win32
		{A7CAA446-B170-4730-9B96-F60FE7E8B8C7}.Release|Win32.Build.0 = Release|Win32
		{A7CAA446-B170-4730-9B96-F60FE7E8B8C7}.Release|x64.ActiveCfg = Release|Win32
		{A7CAA446-B170-4730-9B96-F60FE7E8B8C7}.ReleaseWithCude|Any CPU.ActiveCfg = Release|Win32
		{A7CAA446-B170-4730-9B96-F60FE7E8B8C7}.ReleaseWithCude|ARM.ActiveCfg = Release|Win32
		{A7CAA446-B170-4730-9B96-F60FE7E8B8C7}.ReleaseWithCude|Mixed Platforms.ActiveCfg = Release|Win32
		{A7CAA446-B170-4730-9B96-F60FE7E8B8C7}.ReleaseWithCude|Mixed Platforms.Build.0 = Release|Win32
		{A7CAA446-B170-4730-9B96-F60FE7E8B8C7}.ReleaseWithCude|Win32.ActiveCfg = Release|Win32
		{A7CAA446-B170-4730-9B96-F60FE7E8B8C7}.ReleaseWithCude|Win32.Build.0 = Release|Win32
		{A7CAA446-B170-4730-9B96-F60FE7E8B8C7}.ReleaseWithCude|x64.ActiveCfg = Release|Win32
		{A7CAA446-B170-4730-9B96-F60FE7E8B8C7}.ReleaseWithCude2|Any CPU.ActiveCfg = Release|Win32
		{A7CAA446-B170-4730-9B96-F60FE7E8B8C7}.ReleaseWithCude2|ARM.ActiveCfg = Release|Win32
		{A7CAA446-B170-4730-9B96-F60FE7E8B8C7}.ReleaseWithCude2|Mixed Platforms.ActiveCfg = Release|Win32
		{A7CAA446-B170-4730-9B96-F60FE7E8B8C7}.ReleaseWithCude2|Mixed Platforms.Build.0 = Release|Win32
		{A7CAA446-B170-4730-9B96-F60FE7E8B8C7}.ReleaseWithCude2|Win32.ActiveCfg = Release|Win32
		{A7CAA446-B170-4730-9B96-F60FE7E8B8C7}.ReleaseWithCude2|Win32.Build.0 = Release|Win32
		{A7CAA446-B170-4730-9B96-F60FE7E8B8C7}.ReleaseWithCude2|x64.ActiveCfg = Release|Win32
		{03597D3B-F449-4C21-B67E-811A360FB907}.Debug|Any CPU.ActiveCfg = Debug|Win32
		{03597D3B-F449-4C21-B67E-811A360FB907}.Debug|ARM.ActiveCfg = Debug|Win32
		{03597D3B-F449-4C21-B67E-811A360FB907}.Debug|Mixed Platforms.ActiveCfg = Debug|Win32
		{03597D3B-F449-4C21-B67E-811A360FB907}.Debug|Mixed Platforms.Build.0 = Debug|Win32
		{03597D3B-F449-4C21-B67E-811A360FB907}.Debug|Win32.ActiveCfg = Debug|Win32
		{03597D3B-F449-4C21-B67E-811A360FB907}.Debug|Win32.Build.0 = Debug|Win32
		{03597D3B-F449-4C21-B67E-811A360FB907}.Debug|x64.ActiveCfg = Debug|x64
		{03597D3B-F449-4C21-B67E-811A360FB907}.Debug|x64.Build.0 = Debug|x64
		{03597D3B-F449-4C21-B67E-811A360FB907}.DebugBasedOnCuda|Any CPU.ActiveCfg = Debug|Win32
		{03597D3B-F449-4C21-B67E-811A360FB907}.DebugBasedOnCuda|ARM.ActiveCfg = Debug|Win32
		{03597D3B-F449-4C21-B67E-811A360FB907}.DebugBasedOnCuda|Mixed Platforms.ActiveCfg = Debug|Win32
		{03597D3B-F449-4C21-B67E-811A360FB907}.DebugBasedOnCuda|Mixed Platforms.Build.0 = Debug|Win32
		{03597D3B-F449-4C21-B67E-811A360FB907}.DebugBasedOnCuda|Win32.ActiveCfg = Debug|Win32
		{03597D3B-F449-4C21-B67E-811A360FB907}.DebugBasedOnCuda|Win32.Build.0 = Debug|Win32
		{03597D3B-F449-4C21-B67E-811A360FB907}.DebugBasedOnCuda|x64.ActiveCfg = Debug|x64
		{03597D3B-F449-4C21-B67E-811A360FB907}.DebugBasedOnCuda|x64.Build.0 = Debug|x64
		{03597D3B-F449-4C21-B67E-811A360FB907}.DebugWithDebug|Any CPU.ActiveCfg = Debug|Win32
		{03597D3B-F449-4C21-B67E-811A360FB907}.DebugWithDebug|ARM.ActiveCfg = Debug|Win32
		{03597D3B-F449-4C21-B67E-811A360FB907}.DebugWithDebug|Mixed Platforms.ActiveCfg = Debug|Win32
		{03597D3B-F449-4C21-B67E-811A360FB907}.DebugWithDebug|Mixed Platforms.Build.0 = Debug|Win32
		{03597D3B-F449-4C21-B67E-811A360FB907}.DebugWithDebug|Win32.ActiveCfg = Debug|Win32
		{03597D3B-F449-4C21-B67E-811A360FB907}.DebugWithDebug|Win32.Build.0 = Debug|Win32
		{03597D3B-F449-4C21-B67E-811A360FB907}.DebugWithDebug|x64.ActiveCfg = Debug|x64
		{03597D3B-F449-4C21-B67E-811A360FB907}.DebugWithDebug|x64.Build.0 = Debug|x64
		{03597D3B-F449-4C21-B67E-811A360FB907}.DebugWithDebugAndTest|Any CPU.ActiveCfg = Debug|Win32
		{03597D3B-F449-4C21-B67E-811A360FB907}.DebugWithDebugAndTest|ARM.ActiveCfg = Debug|Win32
		{03597D3B-F449-4C21-B67E-811A360FB907}.DebugWithDebugAndTest|Mixed Platforms.ActiveCfg = Debug|Win32
		{03597D3B-F449-4C21-B67E-811A360FB907}.DebugWithDebugAndTest|Mixed Platforms.Build.0 = Debug|Win32
		{03597D3B-F449-4C21-B67E-811A360FB907}.DebugWithDebugAndTest|Win32.ActiveCfg = Debug|Win32
		{03597D3B-F449-4C21-B67E-811A360FB907}.DebugWithDebugAndTest|Win32.Build.0 = Debug|Win32
		{03597D3B-F449-4C21-B67E-811A360FB907}.DebugWithDebugAndTest|x64.ActiveCfg = Debug|x64
		{03597D3B-F449-4C21-B67E-811A360FB907}.DebugWithDebugAndTest|x64.Build.0 = Debug|x64
		{03597D3B-F449-4C21-B67E-811A360FB907}.Release|Any CPU.ActiveCfg = Release|Win32
		{03597D3B-F449-4C21-B67E-811A360FB907}.Release|ARM.ActiveCfg = Release|Win32
		{03597D3B-F449-4C21-B67E-811A360FB907}.Release|Mixed Platforms.ActiveCfg = Release|Win32
		{03597D3B-F449-4C21-B67E-811A360FB907}.Release|Mixed Platforms.Build.0 = Release|Win32
		{03597D3B-F449-4C21-B67E-811A360FB907}.Release|Win32.ActiveCfg = Release|Win32
		{03597D3B-F449-4C21-B67E-811A360FB907}.Release|Win32.Build.0 = Release|Win32
		{03597D3B-F449-4C21-B67E-811A360FB907}.Release|x64.ActiveCfg = Release|x64
		{03597D3B-F449-4C21-B67E-811A360FB907}.Release|x64.Build.0 = Release|x64
		{03597D3B-F449-4C21-B67E-811A360FB907}.ReleaseWithCude|Any CPU.ActiveCfg = Release|Win32
		{03597D3B-F449-4C21-B67E-811A360FB907}.ReleaseWithCude|ARM.ActiveCfg = Release|Win32
		{03597D3B-F449-4C21-B67E-811A360FB907}.ReleaseWithCude|Mixed Platforms.ActiveCfg = Release|Win32
		{03597D3B-F449-4C21-B67E-811A360FB907}.ReleaseWithCude|Mixed Platforms.Build.0 = Release|Win32
		{03597D3B-F449-4C21-B67E-811A360FB907}.ReleaseWithCude|Win32.ActiveCfg = Release|Win32
		{03597D3B-F449-4C21-B67E-811A360FB907}.ReleaseWithCude|Win32.Build.0 = Release|Win32
		{03597D3B-F449-4C21-B67E-811A360FB907}.ReleaseWithCude|x64.ActiveCfg = Release|x64
		{03597D3B-F449-4C21-B67E-811A360FB907}.ReleaseWithCude|x64.Build.0 = Release|x64
		{03597D3B-F449-4C21-B67E-811A360FB907}.ReleaseWithCude2|Any CPU.ActiveCfg = Release|Win32
		{03597D3B-F449-4C21-B67E-811A360FB907}.ReleaseWithCude2|ARM.ActiveCfg = Release|Win32
		{03597D3B-F449-4C21-B67E-811A360FB907}.ReleaseWithCude2|Mixed Platforms.ActiveCfg = Release|Win32
		{03597D3B-F449-4C21-B67E-811A360FB907}.ReleaseWithCude2|Mixed Platforms.Build.0 = Release|Win32
		{03597D3B-F449-4C21-B67E-811A360FB907}.ReleaseWithCude2|Win32.ActiveCfg = Release|Win32
		{03597D3B-F449-4C21-B67E-811A360FB907}.ReleaseWithCude2|Win32.Build.0 = Release|Win32
		{03597D3B-F449-4C21-B67E-811A360FB907}.ReleaseWithCude2|x64.ActiveCfg = Release|x64
		{03597D3B-F449-4C21-B67E-811A360FB907}.ReleaseWithCude2|x64.Build.0 = Release|x64
		{1E98D714-1EB2-4F5B-A2AD-30AF0E94EACC}.Debug|Any CPU.ActiveCfg = Debug|Win32
		{1E98D714-1EB2-4F5B-A2AD-30AF0E94EACC}.Debug|ARM.ActiveCfg = Debug|Win32
		{1E98D714-1EB2-4F5B-A2AD-30AF0E94EACC}.Debug|Mixed Platforms.ActiveCfg = Debug|Win32
		{1E98D714-1EB2-4F5B-A2AD-30AF0E94EACC}.Debug|Mixed Platforms.Build.0 = Debug|Win32
		{1E98D714-1EB2-4F5B-A2AD-30AF0E94EACC}.Debug|Win32.ActiveCfg = Debug|Win32
		{1E98D714-1EB2-4F5B-A2AD-30AF0E94EACC}.Debug|Win32.Build.0 = Debug|Win32
		{1E98D714-1EB2-4F5B-A2AD-30AF0E94EACC}.Debug|x64.ActiveCfg = Debug|Win32
		{1E98D714-1EB2-4F5B-A2AD-30AF0E94EACC}.DebugBasedOnCuda|Any CPU.ActiveCfg = Debug|Win32
		{1E98D714-1EB2-4F5B-A2AD-30AF0E94EACC}.DebugBasedOnCuda|ARM.ActiveCfg = Debug|Win32
		{1E98D714-1EB2-4F5B-A2AD-30AF0E94EACC}.DebugBasedOnCuda|Mixed Platforms.ActiveCfg = Debug|Win32
		{1E98D714-1EB2-4F5B-A2AD-30AF0E94EACC}.DebugBasedOnCuda|Mixed Platforms.Build.0 = Debug|Win32
		{1E98D714-1EB2-4F5B-A2AD-30AF0E94EACC}.DebugBasedOnCuda|Win32.ActiveCfg = Debug|Win32
		{1E98D714-1EB2-4F5B-A2AD-30AF0E94EACC}.DebugBasedOnCuda|Win32.Build.0 = Debug|Win32
		{1E98D714-1EB2-4F5B-A2AD-30AF0E94EACC}.DebugBasedOnCuda|x64.ActiveCfg = Debug|Win32
		{1E98D714-1EB2-4F5B-A2AD-30AF0E94EACC}.DebugWithDebug|Any CPU.ActiveCfg = Debug|Win32
		{1E98D714-1EB2-4F5B-A2AD-30AF0E94EACC}.DebugWithDebug|ARM.ActiveCfg = Debug|Win32
		{1E98D714-1EB2-4F5B-A2AD-30AF0E94EACC}.DebugWithDebug|Mixed Platforms.ActiveCfg = Debug|Win32
		{1E98D714-1EB2-4F5B-A2AD-30AF0E94EACC}.DebugWithDebug|Mixed Platforms.Build.0 = Debug|Win32
		{1E98D714-1EB2-4F5B-A2AD-30AF0E94EACC}.DebugWithDebug|Win32.ActiveCfg = Debug|Win32
		{1E98D714-1EB2-4F5B-A2AD-30AF0E94EACC}.DebugWithDebug|Win32.Build.0 = Debug|Win32
		{1E98D714-1EB2-4F5B-A2AD-30AF0E94EACC}.DebugWithDebug|x64.ActiveCfg = Debug|Win32
		{1E98D714-1EB2-4F5B-A2AD-30AF0E94EACC}.DebugWithDebugAndTest|Any CPU.ActiveCfg = Debug|Win32
		{1E98D714-1EB2-4F5B-A2AD-30AF0E94EACC}.DebugWithDebugAndTest|ARM.ActiveCfg = Debug|Win32
		{1E98D714-1EB2-4F5B-A2AD-30AF0E94EACC}.DebugWithDebugAndTest|Mixed Platforms.ActiveCfg = Debug|Win32
		{1E98D714-1EB2-4F5B-A2AD-30AF0E94EACC}.DebugWithDebugAndTest|Mixed Platforms.Build.0 = Debug|Win32
		{1E98D714-1EB2-4F5B-A2AD-30AF0E94EACC}.DebugWithDebugAndTest|Win32.ActiveCfg = Debug|Win32
		{1E98D714-1EB2-4F5B-A2AD-30AF0E94EACC}.DebugWithDebugAndTest|Win32.Build.0 = Debug|Win32
		{1E98D714-1EB2-4F5B-A2AD-30AF0E94EACC}.DebugWithDebugAndTest|x64.ActiveCfg = Debug|Win32
		{1E98D714-1EB2-4F5B-A2AD-30AF0E94EACC}.Release|Any CPU.ActiveCfg = Release|Win32
		{1E98D714-1EB2-4F5B-A2AD-30AF0E94EACC}.Release|ARM.ActiveCfg = Release|Win32
		{1E98D714-1EB2-4F5B-A2AD-30AF0E94EACC}.Release|Mixed Platforms.ActiveCfg = Release|Win32
		{1E98D714-1EB2-4F5B-A2AD-30AF0E94EACC}.Release|Mixed Platforms.Build.0 = Release|Win32
		{1E98D714-1EB2-4F5B-A2AD-30AF0E94EACC}.Release|Win32.ActiveCfg = Release|Win32
		{1E98D714-1EB2-4F5B-A2AD-30AF0E94EACC}.Release|Win32.Build.0 = Release|Win32
		{1E98D714-1EB2-4F5B-A2AD-30AF0E94EACC}.Release|x64.ActiveCfg = Release|Win32
		{1E98D714-1EB2-4F5B-A2AD-30AF0E94EACC}.ReleaseWithCude|Any CPU.ActiveCfg = Release|Win32
		{1E98D714-1EB2-4F5B-A2AD-30AF0E94EACC}.ReleaseWithCude|ARM.ActiveCfg = Release|Win32
		{1E98D714-1EB2-4F5B-A2AD-30AF0E94EACC}.ReleaseWithCude|Mixed Platforms.ActiveCfg = Release|Win32
		{1E98D714-1EB2-4F5B-A2AD-30AF0E94EACC}.ReleaseWithCude|Mixed Platforms.Build.0 = Release|Win32
		{1E98D714-1EB2-4F5B-A2AD-30AF0E94EACC}.ReleaseWithCude|Win32.ActiveCfg = Release|Win32
		{1E98D714-1EB2-4F5B-A2AD-30AF0E94EACC}.ReleaseWithCude|Win32.Build.0 = Release|Win32
		{1E98D714-1EB2-4F5B-A2AD-30AF0E94EACC}.ReleaseWithCude|x64.ActiveCfg = Release|Win32
		{1E98D714-1EB2-4F5B-A2AD-30AF0E94EACC}.ReleaseWithCude2|Any CPU.ActiveCfg = Release|Win32
		{1E98D714-1EB2-4F5B-A2AD-30AF0E94EACC}.ReleaseWithCude2|ARM.ActiveCfg = Release|Win32
		{1E98D714-1EB2-4F5B-A2AD-30AF0E94EACC}.ReleaseWithCude2|Mixed Platforms.ActiveCfg = Release|Win32
		{1E98D714-1EB2-4F5B-A2AD-30AF0E94EACC}.ReleaseWithCude2|Mixed Platforms.Build.0 = Release|Win32
		{1E98D714-1EB2-4F5B-A2AD-30AF0E94EACC}.ReleaseWithCude2|Win32.ActiveCfg = Release|Win32
		{1E98D714-1EB2-4F5B-A2AD-30AF0E94EACC}.ReleaseWithCude2|Win32.Build.0 = Release|Win32
		{1E98D714-1EB2-4F5B-A2AD-30AF0E94EACC}.ReleaseWithCude2|x64.ActiveCfg = Release|Win32
	EndGlobalSection
	GlobalSection(SolutionProperties) = preSolution
		HideSolutionNode = FALSE
	EndGlobalSection
EndGlobal
