
Microsoft Visual Studio Solution File, Format Version 12.00
# Visual Studio 2013
VisualStudioVersion = 12.0.31101.0
MinimumVisualStudioVersion = 10.0.40219.1
Project("{8BC9CEB8-8B4A-11D0-8D11-00A0C91BC942}") = "BackPropogation", "BackPropogation\BackPropogation.vcxproj", "{7B01A621-BBA9-4B2D-BB67-6A72438301B9}"
EndProject
Project("{8BC9CEB8-8B4A-11D0-8D11-00A0C91BC942}") = "UnitTest1", "UnitTest1\UnitTest1.vcxproj", "{52ABCC66-9311-423F-A2D8-11288B98E6BE}"
EndProject
Global
	GlobalSection(SolutionConfigurationPlatforms) = preSolution
		Debug|Win32 = Debug|Win32
		DebugBasedOnCuda|Win32 = DebugBasedOnCuda|Win32
		DebugWithDebug|Win32 = DebugWithDebug|Win32
		DebugWithDebugAndTest|Win32 = DebugWithDebugAndTest|Win32
		Release|Win32 = Release|Win32
		ReleaseWithCude|Win32 = ReleaseWithCude|Win32
		ReleaseWithCude2|Win32 = ReleaseWithCude2|Win32
	EndGlobalSection
	GlobalSection(ProjectConfigurationPlatforms) = postSolution
		{7B01A621-BBA9-4B2D-BB67-6A72438301B9}.Debug|Win32.ActiveCfg = Debug|Win32
		{7B01A621-BBA9-4B2D-BB67-6A72438301B9}.Debug|Win32.Build.0 = Debug|Win32
		{7B01A621-BBA9-4B2D-BB67-6A72438301B9}.DebugBasedOnCuda|Win32.ActiveCfg = DebugBasedOnCuda|Win32
		{7B01A621-BBA9-4B2D-BB67-6A72438301B9}.DebugBasedOnCuda|Win32.Build.0 = DebugBasedOnCuda|Win32
		{7B01A621-BBA9-4B2D-BB67-6A72438301B9}.DebugWithDebug|Win32.ActiveCfg = DebugWithDebug|Win32
		{7B01A621-BBA9-4B2D-BB67-6A72438301B9}.DebugWithDebug|Win32.Build.0 = DebugWithDebug|Win32
		{7B01A621-BBA9-4B2D-BB67-6A72438301B9}.DebugWithDebugAndTest|Win32.ActiveCfg = DebugWithDebugAndTest|Win32
		{7B01A621-BBA9-4B2D-BB67-6A72438301B9}.DebugWithDebugAndTest|Win32.Build.0 = DebugWithDebugAndTest|Win32
		{7B01A621-BBA9-4B2D-BB67-6A72438301B9}.Release|Win32.ActiveCfg = Release|Win32
		{7B01A621-BBA9-4B2D-BB67-6A72438301B9}.Release|Win32.Build.0 = Release|Win32
		{7B01A621-BBA9-4B2D-BB67-6A72438301B9}.ReleaseWithCude|Win32.ActiveCfg = ReleaseWithCude|Win32
		{7B01A621-BBA9-4B2D-BB67-6A72438301B9}.ReleaseWithCude|Win32.Build.0 = ReleaseWithCude|Win32
		{7B01A621-BBA9-4B2D-BB67-6A72438301B9}.ReleaseWithCude2|Win32.ActiveCfg = ReleaseWithCude2|Win32
		{7B01A621-BBA9-4B2D-BB67-6A72438301B9}.ReleaseWithCude2|Win32.Build.0 = ReleaseWithCude2|Win32
		{52ABCC66-9311-423F-A2D8-11288B98E6BE}.Debug|Win32.ActiveCfg = Debug|Win32
		{52ABCC66-9311-423F-A2D8-11288B98E6BE}.Debug|Win32.Build.0 = Debug|Win32
		{52ABCC66-9311-423F-A2D8-11288B98E6BE}.DebugBasedOnCuda|Win32.ActiveCfg = Debug|Win32
		{52ABCC66-9311-423F-A2D8-11288B98E6BE}.DebugBasedOnCuda|Win32.Build.0 = Debug|Win32
		{52ABCC66-9311-423F-A2D8-11288B98E6BE}.DebugWithDebug|Win32.ActiveCfg = Debug|Win32
		{52ABCC66-9311-423F-A2D8-11288B98E6BE}.DebugWithDebug|Win32.Build.0 = Debug|Win32
		{52ABCC66-9311-423F-A2D8-11288B98E6BE}.DebugWithDebugAndTest|Win32.ActiveCfg = Debug|Win32
		{52ABCC66-9311-423F-A2D8-11288B98E6BE}.DebugWithDebugAndTest|Win32.Build.0 = Debug|Win32
		{52ABCC66-9311-423F-A2D8-11288B98E6BE}.Release|Win32.ActiveCfg = Release|Win32
		{52ABCC66-9311-423F-A2D8-11288B98E6BE}.Release|Win32.Build.0 = Release|Win32
		{52ABCC66-9311-423F-A2D8-11288B98E6BE}.ReleaseWithCude|Win32.ActiveCfg = Release|Win32
		{52ABCC66-9311-423F-A2D8-11288B98E6BE}.ReleaseWithCude|Win32.Build.0 = Release|Win32
		{52ABCC66-9311-423F-A2D8-11288B98E6BE}.ReleaseWithCude2|Win32.ActiveCfg = Release|Win32
		{52ABCC66-9311-423F-A2D8-11288B98E6BE}.ReleaseWithCude2|Win32.Build.0 = Release|Win32
	EndGlobalSection
	GlobalSection(SolutionProperties) = preSolution
		HideSolutionNode = FALSE
	EndGlobalSection
EndGlobal
