<?xml version="1.0" encoding="utf-8"?>
<Project ToolsVersion="4.0" xmlns="http://schemas.microsoft.com/developer/msbuild/2003">
  <ItemGroup>
    <Filter Include="Source Files">
      <UniqueIdentifier>{4FC737F1-C7A5-4376-A066-2A32D752A2FF}</UniqueIdentifier>
      <Extensions>cpp;c;cc;cxx;def;odl;idl;hpj;bat;asm;asmx</Extensions>
    </Filter>
    <Filter Include="Header Files">
      <UniqueIdentifier>{93995380-89BD-4b04-88EB-625FBE52EBFB}</UniqueIdentifier>
      <Extensions>h;hh;hpp;hxx;hm;inl;inc;xsd</Extensions>
    </Filter>
    <Filter Include="Resource Files">
      <UniqueIdentifier>{67DA6AB6-F800-4c08-8B7A-83BB121AAD01}</UniqueIdentifier>
      <Extensions>rc;ico;cur;bmp;dlg;rc2;rct;bin;rgs;gif;jpg;jpeg;jpe;resx;tiff;tif;png;wav;mfcribbon-ms</Extensions>
    </Filter>
    <Filter Include="ini">
      <UniqueIdentifier>{82bc2ed7-7335-4a20-a1f9-f681a91ce9a8}</UniqueIdentifier>
    </Filter>
    <Filter Include="testing">
      <UniqueIdentifier>{54b63617-2ff5-4d2e-8e6f-3828620271b7}</UniqueIdentifier>
    </Filter>
    <Filter Include="Header Files\RecurrentNetwork">
      <UniqueIdentifier>{4884cb18-a386-43b1-98ee-96151d821bec}</UniqueIdentifier>
    </Filter>
    <Filter Include="Source Files\RecurrentNetwork">
      <UniqueIdentifier>{53ed9f67-c1fb-497a-96c7-e97e46f6f871}</UniqueIdentifier>
    </Filter>
  </ItemGroup>
  <ItemGroup>
    <ClInclude Include="structures.h">
      <Filter>Header Files</Filter>
    </ClInclude>
    <ClInclude Include="util.h">
      <Filter>Header Files</Filter>
    </ClInclude>
    <ClInclude Include="resource.h">
      <Filter>Header Files</Filter>
    </ClInclude>
    <ClInclude Include="structures_cuda.cuh">
      <Filter>Header Files</Filter>
    </ClInclude>
    <ClInclude Include="CGraphicNetwork.cuh">
      <Filter>Header Files</Filter>
    </ClInclude>
    <ClInclude Include="Network.h">
      <Filter>Header Files</Filter>
    </ClInclude>
    <ClInclude Include="CudaCalculations.cuh">
      <Filter>Header Files</Filter>
    </ClInclude>
    <ClInclude Include="SNeuron.cuh">
      <Filter>Header Files</Filter>
    </ClInclude>
    <ClInclude Include="CSettings.h">
      <Filter>Header Files</Filter>
    </ClInclude>
    <ClInclude Include="RecurrentNeuralNetwork.cuh">
      <Filter>Header Files\RecurrentNetwork</Filter>
    </ClInclude>
    <ClInclude Include="CRecurrentCheckpoint.h">
      <Filter>Header Files\RecurrentNetwork</Filter>
    </ClInclude>
    <ClInclude Include="NetworkBase.cuh">
      <Filter>Header Files\RecurrentNetwork</Filter>
    </ClInclude>
    <ClInclude Include="ReccurentLoops.cuh">
      <Filter>Header Files\RecurrentNetwork</Filter>
    </ClInclude>
    <ClInclude Include="LongTermShortTermNetwork.cuh">
      <Filter>Header Files\RecurrentNetwork</Filter>
    </ClInclude>
    <ClInclude Include="memory_block.cuh">
      <Filter>Header Files\RecurrentNetwork</Filter>
    </ClInclude>
    <ClInclude Include="TestCode.cuh">
      <Filter>Header Files\RecurrentNetwork</Filter>
    </ClInclude>
  </ItemGroup>
  <ItemGroup>
    <ResourceCompile Include="BackPropogation.rc">
      <Filter>Resource Files</Filter>
    </ResourceCompile>
  </ItemGroup>
  <ItemGroup>
    <CudaCompile Include="CGraphicNetwork.cu">
      <Filter>Source Files</Filter>
    </CudaCompile>
    <CudaCompile Include="main2.cpp">
      <Filter>Source Files</Filter>
    </CudaCompile>
    <CudaCompile Include="main.cu">
      <Filter>Source Files</Filter>
    </CudaCompile>
    <CudaCompile Include="structures_cuda.cu">
      <Filter>Source Files</Filter>
    </CudaCompile>
    <CudaCompile Include="RecurrentNeuralNetwork.cu">
      <Filter>Source Files\RecurrentNetwork</Filter>
    </CudaCompile>
    <CudaCompile Include="ReccurentLoops.cu">
      <Filter>Source Files\RecurrentNetwork</Filter>
    </CudaCompile>
    <CudaCompile Include="NetworkBase.cu">
      <Filter>Source Files\RecurrentNetwork</Filter>
    </CudaCompile>
    <CudaCompile Include="LongTermShortTermNetwork.cu">
      <Filter>Source Files\RecurrentNetwork</Filter>
    </CudaCompile>
    <CudaCompile Include="memory_block.cu">
      <Filter>Source Files\RecurrentNetwork</Filter>
    </CudaCompile>
  </ItemGroup>
  <ItemGroup>
    <ClCompile Include="Network.cpp">
      <Filter>Source Files</Filter>
    </ClCompile>
    <ClCompile Include="CSettings.cpp">
      <Filter>Source Files</Filter>
    </ClCompile>
    <ClCompile Include="CRecurrentCheckpoint.cpp">
      <Filter>Source Files\RecurrentNetwork</Filter>
    </ClCompile>
  </ItemGroup>
  <ItemGroup>
    <Text Include="settings.txt">
      <Filter>ini</Filter>
    </Text>
  </ItemGroup>
  <ItemGroup>
    <None Include="..\UnitTesting\UnitTesting.vcxproj.filters" />
  </ItemGroup>
</Project>